
Microsoft Visual Studio Solution File, Format Version 12.00
# Visual Studio Version 16
VisualStudioVersion = 16.0.32510.428
MinimumVisualStudioVersion = 10.0.40219.1
Project("{9A19103F-16F7-4668-BE54-9A1E7A4F7556}") = "PostPocConsoleInterface", "PostPocConsoleInterface\PostPocConsoleInterface.csproj", "{B9EFDF78-2F72-4010-A950-DC8D02954548}"
	ProjectSection(ProjectDependencies) = postProject
		{8A9A74D4-7FC9-418E-9C82-06E7FFDF83FA} = {8A9A74D4-7FC9-418E-9C82-06E7FFDF83FA}
	EndProjectSection
EndProject
Project("{9A19103F-16F7-4668-BE54-9A1E7A4F7556}") = "PostPocBackend", "PostPocBackend\PostPocBackend.csproj", "{8A9A74D4-7FC9-418E-9C82-06E7FFDF83FA}"
EndProject
Project("{FAE04EC0-301F-11D3-BF4B-00C04F79EFBC}") = "PostPocBackend.UnitTests", "PostPocBackend.UnitTests\PostPocBackend.UnitTests.csproj", "{7A9A033F-16AC-4A55-B28A-A4FB201A36C2}"
EndProject
Global
	GlobalSection(SolutionConfigurationPlatforms) = preSolution
		Debug|Any CPU = Debug|Any CPU
		Release|Any CPU = Release|Any CPU
	EndGlobalSection
	GlobalSection(ProjectConfigurationPlatforms) = postSolution
		{B9EFDF78-2F72-4010-A950-DC8D02954548}.Debug|Any CPU.ActiveCfg = Debug|Any CPU
		{B9EFDF78-2F72-4010-A950-DC8D02954548}.Debug|Any CPU.Build.0 = Debug|Any CPU
		{B9EFDF78-2F72-4010-A950-DC8D02954548}.Release|Any CPU.ActiveCfg = Release|Any CPU
		{B9EFDF78-2F72-4010-A950-DC8D02954548}.Release|Any CPU.Build.0 = Release|Any CPU
		{8A9A74D4-7FC9-418E-9C82-06E7FFDF83FA}.Debug|Any CPU.ActiveCfg = Debug|Any CPU
		{8A9A74D4-7FC9-418E-9C82-06E7FFDF83FA}.Debug|Any CPU.Build.0 = Debug|Any CPU
		{8A9A74D4-7FC9-418E-9C82-06E7FFDF83FA}.Release|Any CPU.ActiveCfg = Release|Any CPU
		{8A9A74D4-7FC9-418E-9C82-06E7FFDF83FA}.Release|Any CPU.Build.0 = Release|Any CPU
		{7A9A033F-16AC-4A55-B28A-A4FB201A36C2}.Debug|Any CPU.ActiveCfg = Debug|Any CPU
		{7A9A033F-16AC-4A55-B28A-A4FB201A36C2}.Debug|Any CPU.Build.0 = Debug|Any CPU
		{7A9A033F-16AC-4A55-B28A-A4FB201A36C2}.Release|Any CPU.ActiveCfg = Release|Any CPU
		{7A9A033F-16AC-4A55-B28A-A4FB201A36C2}.Release|Any CPU.Build.0 = Release|Any CPU
	EndGlobalSection
	GlobalSection(SolutionProperties) = preSolution
		HideSolutionNode = FALSE
	EndGlobalSection
	GlobalSection(ExtensibilityGlobals) = postSolution
		SolutionGuid = {0E0D56C9-A70E-4472-8202-52EFC8197B55}
	EndGlobalSection
EndGlobal
